
Microsoft Visual Studio Solution File, Format Version 12.00
# Visual Studio Version 16
VisualStudioVersion = 16.0.31624.102
MinimumVisualStudioVersion = 10.0.40219.1
Project("{FAE04EC0-301F-11D3-BF4B-00C04F79EFBC}") = "alarm", "alarm\alarm.csproj", "{B80727B2-7B79-4FF7-A578-1BFEC3165E8D}"
EndProject
Global
	GlobalSection(SolutionConfigurationPlatforms) = preSolution
		Debug|Any CPU = Debug|Any CPU
		Release|Any CPU = Release|Any CPU
	EndGlobalSection
	GlobalSection(ProjectConfigurationPlatforms) = postSolution
		{B80727B2-7B79-4FF7-A578-1BFEC3165E8D}.Debug|Any CPU.ActiveCfg = Debug|Any CPU
		{B80727B2-7B79-4FF7-A578-1BFEC3165E8D}.Debug|Any CPU.Build.0 = Debug|Any CPU
		{B80727B2-7B79-4FF7-A578-1BFEC3165E8D}.Release|Any CPU.ActiveCfg = Release|Any CPU
		{B80727B2-7B79-4FF7-A578-1BFEC3165E8D}.Release|Any CPU.Build.0 = Release|Any CPU
	EndGlobalSection
	GlobalSection(SolutionProperties) = preSolution
		HideSolutionNode = FALSE
	EndGlobalSection
	GlobalSection(ExtensibilityGlobals) = postSolution
		SolutionGuid = {0CDC94ED-3DF3-43DB-8FF6-503CA5E7E148}
	EndGlobalSection
EndGlobal
